{
  "name": "age_calc",
  "version": "1.0.0",
  "lockfileVersion": 3,
  "requires": true,
  "packages": {
    "": {
      "name": "age_calc",
      "version": "1.0.0",
      "license": "ISC",
      "dependencies": {
        "@vant/weapp": "^1.10.14",
        "dayjs": "^1.11.7",
        "js-calendar-converter": "^0.0.4"
      }
    },
    "node_modules/@vant/weapp": {
      "version": "1.10.14",
      "resolved": "https://registry.npmjs.org/@vant/weapp/-/weapp-1.10.14.tgz",
      "integrity": "sha512-5usuhoN1kiOV6pzrdVzHrAux6DupKlGd9w+yYc992Zy1n1wHLZMb1dGM3+xtbNE3tpWE2qv95vIFSMpJRFyE7Q=="
    },
    "node_modules/dayjs": {
      "version": "1.11.7",
      "resolved": "https://registry.npmjs.org/dayjs/-/dayjs-1.11.7.tgz",
      "integrity": "sha512-+Yw9U6YO5TQohxLcIkrXBeY73WP3ejHWVvx8XCk3gxvQDCTEmS48ZrSZCKciI7Bhl/uCMyxYtE9UqRILmFphkQ=="
    },
    "node_modules/js-calendar-converter": {
      "version": "0.0.4",
      "resolved": "https://registry.npmjs.org/js-calendar-converter/-/js-calendar-converter-0.0.4.tgz",
      "integrity": "sha512-oF6kRS65Hn8BKwZVRn/0Mpwzgihv+v/9Wt6ioaNvhHbb7sbXyOTzfq36G5eC2EfB/VzXyMQx6+if83/bwARw+A=="
    }
  }
}
