{
  "name": "age_calc",
  "version": "1.0.0",
  "lockfileVersion": 3,
  "requires": true,
  "packages": {
    "": {
      "name": "age_calc",
      "version": "1.0.0",
      "license": "ISC",
      "dependencies": {
        "@vant/weapp": "^1.10.14",
        "dayjs": "^1.11.7"
      }
    },
    "node_modules/@vant/weapp": {
      "version": "1.10.14",
      "resolved": "https://registry.npmjs.org/@vant/weapp/-/weapp-1.10.14.tgz",
      "integrity": "sha512-5usuhoN1kiOV6pzrdVzHrAux6DupKlGd9w+yYc992Zy1n1wHLZMb1dGM3+xtbNE3tpWE2qv95vIFSMpJRFyE7Q=="
    },
    "node_modules/dayjs": {
      "version": "1.11.7",
      "resolved": "https://registry.npmjs.org/dayjs/-/dayjs-1.11.7.tgz",
      "integrity": "sha512-+Yw9U6YO5TQohxLcIkrXBeY73WP3ejHWVvx8XCk3gxvQDCTEmS48ZrSZCKciI7Bhl/uCMyxYtE9UqRILmFphkQ=="
    }
  }
}
